// !$*UTF8*$!
{
	archiveVersion = 1;
	classes = {
	};
	objectVersion = 46;
	objects = {

/* Begin PBXBuildFile section */
		247F280B189127D8000F8041 /* Cocoa.framework in Frameworks */ = {isa = PBXBuildFile; fileRef = 247F280A189127D8000F8041 /* Cocoa.framework */; };
		247F2815189127D8000F8041 /* InfoPlist.strings in Resources */ = {isa = PBXBuildFile; fileRef = 247F2813189127D8000F8041 /* InfoPlist.strings */; };
		247F2817189127D8000F8041 /* main.m in Sources */ = {isa = PBXBuildFile; fileRef = 247F2816189127D8000F8041 /* main.m */; };
		247F281B189127D8000F8041 /* Credits.rtf in Resources */ = {isa = PBXBuildFile; fileRef = 247F2819189127D8000F8041 /* Credits.rtf */; };
		247F281E189127D8000F8041 /* RMConnecterAppDelegate.m in Sources */ = {isa = PBXBuildFile; fileRef = 247F281D189127D8000F8041 /* RMConnecterAppDelegate.m */; };
		247F2821189127D8000F8041 /* MainMenu.xib in Resources */ = {isa = PBXBuildFile; fileRef = 247F281F189127D8000F8041 /* MainMenu.xib */; };
		247F2823189127D8000F8041 /* Images.xcassets in Resources */ = {isa = PBXBuildFile; fileRef = 247F2822189127D8000F8041 /* Images.xcassets */; };
		247F282A189127D8000F8041 /* XCTest.framework in Frameworks */ = {isa = PBXBuildFile; fileRef = 247F2829189127D8000F8041 /* XCTest.framework */; };
		247F282B189127D8000F8041 /* Cocoa.framework in Frameworks */ = {isa = PBXBuildFile; fileRef = 247F280A189127D8000F8041 /* Cocoa.framework */; };
		247F2833189127D8000F8041 /* InfoPlist.strings in Resources */ = {isa = PBXBuildFile; fileRef = 247F2831189127D8000F8041 /* InfoPlist.strings */; };
		247F2835189127D8000F8041 /* RMMetaDataModelTests.m in Sources */ = {isa = PBXBuildFile; fileRef = 247F2834189127D8000F8041 /* RMMetaDataModelTests.m */; };
		6D0C75BE189EB632008ADECB /* RMConnecterWindow.xib in Resources */ = {isa = PBXBuildFile; fileRef = 6D0C75C0189EB632008ADECB /* RMConnecterWindow.xib */; };
		6D739024189E79E9000764E4 /* RMConnecterWindowController.m in Sources */ = {isa = PBXBuildFile; fileRef = 6D739022189E79E9000764E4 /* RMConnecterWindowController.m */; };
		6D739028189E91BE000764E4 /* RMConnecterCredentials.m in Sources */ = {isa = PBXBuildFile; fileRef = 6D739027189E91BE000764E4 /* RMConnecterCredentials.m */; };
		6D73902D189E9AE2000764E4 /* RMConnecterOperation.m in Sources */ = {isa = PBXBuildFile; fileRef = 6D73902C189E9AE2000764E4 /* RMConnecterOperation.m */; };
		6D739031189EA5D6000764E4 /* RMConnecterCredentials+Keychain.m in Sources */ = {isa = PBXBuildFile; fileRef = 6D739030189EA5D6000764E4 /* RMConnecterCredentials+Keychain.m */; };
		D2014D7C18BE36F000565A27 /* RMAddLocaleWindowController.m in Sources */ = {isa = PBXBuildFile; fileRef = D2014D7A18BE36F000565A27 /* RMAddLocaleWindowController.m */; };
		D2014D7D18BE36F000565A27 /* RMAddLocaleWindowController.xib in Resources */ = {isa = PBXBuildFile; fileRef = D2014D7B18BE36F000565A27 /* RMAddLocaleWindowController.xib */; };
		D2014D8318BFAA5700565A27 /* RMOutlineView.m in Sources */ = {isa = PBXBuildFile; fileRef = D2014D8218BFAA5700565A27 /* RMOutlineView.m */; };
		D2014D8618C0BCD600565A27 /* RMAppDataWindowController.m in Sources */ = {isa = PBXBuildFile; fileRef = D2014D8518C0BCD600565A27 /* RMAppDataWindowController.m */; };
		D225B07218AE7A290061CA42 /* RMAppDataDocument.m in Sources */ = {isa = PBXBuildFile; fileRef = D225B07118AE7A290061CA42 /* RMAppDataDocument.m */; };
		D24B03DD18B8FD8F003FD954 /* testmetadata.xml in Resources */ = {isa = PBXBuildFile; fileRef = D24B03DC18B8FD8F003FD954 /* testmetadata.xml */; };
		D24B03DE18B903CD003FD954 /* RMAppScreenshotTypeValueTransformer.m in Sources */ = {isa = PBXBuildFile; fileRef = D26E391018B770460061527C /* RMAppScreenshotTypeValueTransformer.m */; };
		D24B03DF18B903CD003FD954 /* RMByteValueTransformer.m in Sources */ = {isa = PBXBuildFile; fileRef = D26E391418B774FF0061527C /* RMByteValueTransformer.m */; };
		D24B03E318B9382F003FD954 /* RMValueTransformerTests.m in Sources */ = {isa = PBXBuildFile; fileRef = D24B03E218B9382F003FD954 /* RMValueTransformerTests.m */; };
		D26E38FF18B4CB260061527C /* RMAppScreenshot.m in Sources */ = {isa = PBXBuildFile; fileRef = D26E38FE18B4CB260061527C /* RMAppScreenshot.m */; };
		D26E390518B4F9280061527C /* RMScreenshotsGroupView.m in Sources */ = {isa = PBXBuildFile; fileRef = D26E390418B4F9280061527C /* RMScreenshotsGroupView.m */; };
		D26E390818B4F95E0061527C /* RMScreenshotViewController.m in Sources */ = {isa = PBXBuildFile; fileRef = D26E390718B4F95E0061527C /* RMScreenshotViewController.m */; };
		D26E390B18B4F9970061527C /* RMScreenshotViewController.xib in Resources */ = {isa = PBXBuildFile; fileRef = D26E390A18B4F9970061527C /* RMScreenshotViewController.xib */; };
		D26E391118B770460061527C /* RMAppScreenshotTypeValueTransformer.m in Sources */ = {isa = PBXBuildFile; fileRef = D26E391018B770460061527C /* RMAppScreenshotTypeValueTransformer.m */; };
		D26E391518B774FF0061527C /* RMByteValueTransformer.m in Sources */ = {isa = PBXBuildFile; fileRef = D26E391418B774FF0061527C /* RMByteValueTransformer.m */; };
		D283F4CA18BD036F00CE4E8D /* RMOutlineViewController.m in Sources */ = {isa = PBXBuildFile; fileRef = D283F4C918BD036F00CE4E8D /* RMOutlineViewController.m */; };
		D29CFD4418BB6BE300627DA3 /* ConnectorFileIcon.icns in Resources */ = {isa = PBXBuildFile; fileRef = D29CFD4318BB6BE300627DA3 /* ConnectorFileIcon.icns */; };
		D2DFEC5318B3695600FF33AD /* RMAppMetaData.m in Sources */ = {isa = PBXBuildFile; fileRef = D2DFEC5218B3695600FF33AD /* RMAppMetaData.m */; };
		D2DFEC5A18B3754200FF33AD /* RMAppVersion.m in Sources */ = {isa = PBXBuildFile; fileRef = D2DFEC5918B3754200FF33AD /* RMAppVersion.m */; };
		D2DFEC5D18B377A100FF33AD /* RMAppLocale.m in Sources */ = {isa = PBXBuildFile; fileRef = D2DFEC5C18B377A100FF33AD /* RMAppLocale.m */; };
		D2DFEC5E18B3799200FF33AD /* RMAppMetaData.m in Sources */ = {isa = PBXBuildFile; fileRef = D2DFEC5218B3695600FF33AD /* RMAppMetaData.m */; };
		D2DFEC5F18B3799200FF33AD /* RMAppVersion.m in Sources */ = {isa = PBXBuildFile; fileRef = D2DFEC5918B3754200FF33AD /* RMAppVersion.m */; };
		D2DFEC6018B3799200FF33AD /* RMAppLocale.m in Sources */ = {isa = PBXBuildFile; fileRef = D2DFEC5C18B377A100FF33AD /* RMAppLocale.m */; };
		D2ED44A318AE654100976E49 /* NSData+MD5.m in Sources */ = {isa = PBXBuildFile; fileRef = D2ED44A218AE654100976E49 /* NSData+MD5.m */; };
		D2ED44A618AE6D2900976E49 /* RMAppDataWindowController.xib in Resources */ = {isa = PBXBuildFile; fileRef = D2ED44A518AE6D2900976E49 /* RMAppDataWindowController.xib */; };
/* End PBXBuildFile section */

/* Begin PBXContainerItemProxy section */
		247F282C189127D8000F8041 /* PBXContainerItemProxy */ = {
			isa = PBXContainerItemProxy;
			containerPortal = 247F27FF189127D7000F8041 /* Project object */;
			proxyType = 1;
			remoteGlobalIDString = 247F2806189127D8000F8041;
			remoteInfo = Connecter;
		};
/* End PBXContainerItemProxy section */

/* Begin PBXFileReference section */
		247F2807189127D8000F8041 /* Connecter.app */ = {isa = PBXFileReference; explicitFileType = wrapper.application; includeInIndex = 0; path = Connecter.app; sourceTree = BUILT_PRODUCTS_DIR; };
		247F280A189127D8000F8041 /* Cocoa.framework */ = {isa = PBXFileReference; lastKnownFileType = wrapper.framework; name = Cocoa.framework; path = System/Library/Frameworks/Cocoa.framework; sourceTree = SDKROOT; };
		247F280D189127D8000F8041 /* AppKit.framework */ = {isa = PBXFileReference; lastKnownFileType = wrapper.framework; name = AppKit.framework; path = System/Library/Frameworks/AppKit.framework; sourceTree = SDKROOT; };
		247F280E189127D8000F8041 /* CoreData.framework */ = {isa = PBXFileReference; lastKnownFileType = wrapper.framework; name = CoreData.framework; path = System/Library/Frameworks/CoreData.framework; sourceTree = SDKROOT; };
		247F280F189127D8000F8041 /* Foundation.framework */ = {isa = PBXFileReference; lastKnownFileType = wrapper.framework; name = Foundation.framework; path = System/Library/Frameworks/Foundation.framework; sourceTree = SDKROOT; };
		247F2812189127D8000F8041 /* Info.plist */ = {isa = PBXFileReference; lastKnownFileType = text.plist.xml; path = Info.plist; sourceTree = "<group>"; };
		247F2814189127D8000F8041 /* en */ = {isa = PBXFileReference; lastKnownFileType = text.plist.strings; name = en; path = en.lproj/InfoPlist.strings; sourceTree = "<group>"; };
		247F2816189127D8000F8041 /* main.m */ = {isa = PBXFileReference; lastKnownFileType = sourcecode.c.objc; path = main.m; sourceTree = "<group>"; };
		247F281A189127D8000F8041 /* en */ = {isa = PBXFileReference; lastKnownFileType = text.rtf; name = en; path = en.lproj/Credits.rtf; sourceTree = "<group>"; };
		247F281C189127D8000F8041 /* RMConnecterAppDelegate.h */ = {isa = PBXFileReference; lastKnownFileType = sourcecode.c.h; path = RMConnecterAppDelegate.h; sourceTree = "<group>"; };
		247F281D189127D8000F8041 /* RMConnecterAppDelegate.m */ = {isa = PBXFileReference; lastKnownFileType = sourcecode.c.objc; path = RMConnecterAppDelegate.m; sourceTree = "<group>"; };
		247F2820189127D8000F8041 /* Base */ = {isa = PBXFileReference; lastKnownFileType = file.xib; name = Base; path = Base.lproj/MainMenu.xib; sourceTree = "<group>"; };
		247F2822189127D8000F8041 /* Images.xcassets */ = {isa = PBXFileReference; lastKnownFileType = folder.assetcatalog; path = Images.xcassets; sourceTree = "<group>"; };
		247F2828189127D8000F8041 /* ConnecterTests.xctest */ = {isa = PBXFileReference; explicitFileType = wrapper.cfbundle; includeInIndex = 0; path = ConnecterTests.xctest; sourceTree = BUILT_PRODUCTS_DIR; };
		247F2829189127D8000F8041 /* XCTest.framework */ = {isa = PBXFileReference; lastKnownFileType = wrapper.framework; name = XCTest.framework; path = Library/Frameworks/XCTest.framework; sourceTree = DEVELOPER_DIR; };
		247F2830189127D8000F8041 /* ConnecterTests-Info.plist */ = {isa = PBXFileReference; lastKnownFileType = text.plist.xml; path = "ConnecterTests-Info.plist"; sourceTree = "<group>"; };
		247F2832189127D8000F8041 /* en */ = {isa = PBXFileReference; lastKnownFileType = text.plist.strings; name = en; path = en.lproj/InfoPlist.strings; sourceTree = "<group>"; };
		247F2834189127D8000F8041 /* RMMetaDataModelTests.m */ = {isa = PBXFileReference; lastKnownFileType = sourcecode.c.objc; path = RMMetaDataModelTests.m; sourceTree = "<group>"; };
		247F283E1891282D000F8041 /* Connecter.entitlements */ = {isa = PBXFileReference; lastKnownFileType = text.xml; path = Connecter.entitlements; sourceTree = "<group>"; };
		59A0CF47412B459084E2ABDA /* libPods.a */ = {isa = PBXFileReference; explicitFileType = archive.ar; includeInIndex = 0; path = libPods.a; sourceTree = BUILT_PRODUCTS_DIR; };
		6D0C75BF189EB632008ADECB /* Base */ = {isa = PBXFileReference; lastKnownFileType = file.xib; name = Base; path = Base.lproj/RMConnecterWindow.xib; sourceTree = "<group>"; };
		6D0C75C2189EB637008ADECB /* en */ = {isa = PBXFileReference; lastKnownFileType = text.plist.strings; name = en; path = en.lproj/RMConnecterWindow.strings; sourceTree = "<group>"; };
		6D0C75C4189EB63D008ADECB /* en */ = {isa = PBXFileReference; lastKnownFileType = text.plist.strings; name = en; path = en.lproj/MainMenu.strings; sourceTree = "<group>"; };
		6D739021189E79E9000764E4 /* RMConnecterWindowController.h */ = {isa = PBXFileReference; fileEncoding = 4; lastKnownFileType = sourcecode.c.h; path = RMConnecterWindowController.h; sourceTree = "<group>"; };
		6D739022189E79E9000764E4 /* RMConnecterWindowController.m */ = {isa = PBXFileReference; fileEncoding = 4; lastKnownFileType = sourcecode.c.objc; path = RMConnecterWindowController.m; sourceTree = "<group>"; };
		6D739026189E91BE000764E4 /* RMConnecterCredentials.h */ = {isa = PBXFileReference; fileEncoding = 4; lastKnownFileType = sourcecode.c.h; path = RMConnecterCredentials.h; sourceTree = "<group>"; };
		6D739027189E91BE000764E4 /* RMConnecterCredentials.m */ = {isa = PBXFileReference; fileEncoding = 4; lastKnownFileType = sourcecode.c.objc; path = RMConnecterCredentials.m; sourceTree = "<group>"; };
		6D73902B189E9AE2000764E4 /* RMConnecterOperation.h */ = {isa = PBXFileReference; fileEncoding = 4; lastKnownFileType = sourcecode.c.h; path = RMConnecterOperation.h; sourceTree = "<group>"; };
		6D73902C189E9AE2000764E4 /* RMConnecterOperation.m */ = {isa = PBXFileReference; fileEncoding = 4; lastKnownFileType = sourcecode.c.objc; path = RMConnecterOperation.m; sourceTree = "<group>"; };
		6D73902F189EA5D6000764E4 /* RMConnecterCredentials+Keychain.h */ = {isa = PBXFileReference; fileEncoding = 4; lastKnownFileType = sourcecode.c.h; path = "RMConnecterCredentials+Keychain.h"; sourceTree = "<group>"; };
		6D739030189EA5D6000764E4 /* RMConnecterCredentials+Keychain.m */ = {isa = PBXFileReference; fileEncoding = 4; lastKnownFileType = sourcecode.c.objc; path = "RMConnecterCredentials+Keychain.m"; sourceTree = "<group>"; };
		D2014D7918BE36F000565A27 /* RMAddLocaleWindowController.h */ = {isa = PBXFileReference; fileEncoding = 4; lastKnownFileType = sourcecode.c.h; path = RMAddLocaleWindowController.h; sourceTree = "<group>"; };
		D2014D7A18BE36F000565A27 /* RMAddLocaleWindowController.m */ = {isa = PBXFileReference; fileEncoding = 4; lastKnownFileType = sourcecode.c.objc; path = RMAddLocaleWindowController.m; sourceTree = "<group>"; };
		D2014D7B18BE36F000565A27 /* RMAddLocaleWindowController.xib */ = {isa = PBXFileReference; fileEncoding = 4; lastKnownFileType = file.xib; path = RMAddLocaleWindowController.xib; sourceTree = "<group>"; };
		D2014D8118BFAA5700565A27 /* RMOutlineView.h */ = {isa = PBXFileReference; fileEncoding = 4; lastKnownFileType = sourcecode.c.h; path = RMOutlineView.h; sourceTree = "<group>"; };
		D2014D8218BFAA5700565A27 /* RMOutlineView.m */ = {isa = PBXFileReference; fileEncoding = 4; lastKnownFileType = sourcecode.c.objc; path = RMOutlineView.m; sourceTree = "<group>"; };
		D2014D8418C0BCD600565A27 /* RMAppDataWindowController.h */ = {isa = PBXFileReference; fileEncoding = 4; lastKnownFileType = sourcecode.c.h; path = RMAppDataWindowController.h; sourceTree = "<group>"; };
		D2014D8518C0BCD600565A27 /* RMAppDataWindowController.m */ = {isa = PBXFileReference; fileEncoding = 4; lastKnownFileType = sourcecode.c.objc; path = RMAppDataWindowController.m; sourceTree = "<group>"; };
		D225B07018AE7A290061CA42 /* RMAppDataDocument.h */ = {isa = PBXFileReference; fileEncoding = 4; lastKnownFileType = sourcecode.c.h; path = RMAppDataDocument.h; sourceTree = "<group>"; };
		D225B07118AE7A290061CA42 /* RMAppDataDocument.m */ = {isa = PBXFileReference; fileEncoding = 4; lastKnownFileType = sourcecode.c.objc; path = RMAppDataDocument.m; sourceTree = "<group>"; };
		D24B03DC18B8FD8F003FD954 /* testmetadata.xml */ = {isa = PBXFileReference; fileEncoding = 4; lastKnownFileType = text.xml; path = testmetadata.xml; sourceTree = "<group>"; };
		D24B03E218B9382F003FD954 /* RMValueTransformerTests.m */ = {isa = PBXFileReference; fileEncoding = 4; lastKnownFileType = sourcecode.c.objc; path = RMValueTransformerTests.m; sourceTree = "<group>"; };
		D26E38FD18B4CB260061527C /* RMAppScreenshot.h */ = {isa = PBXFileReference; fileEncoding = 4; lastKnownFileType = sourcecode.c.h; path = RMAppScreenshot.h; sourceTree = "<group>"; };
		D26E38FE18B4CB260061527C /* RMAppScreenshot.m */ = {isa = PBXFileReference; fileEncoding = 4; lastKnownFileType = sourcecode.c.objc; path = RMAppScreenshot.m; sourceTree = "<group>"; };
		D26E390318B4F9280061527C /* RMScreenshotsGroupView.h */ = {isa = PBXFileReference; fileEncoding = 4; lastKnownFileType = sourcecode.c.h; path = RMScreenshotsGroupView.h; sourceTree = "<group>"; };
		D26E390418B4F9280061527C /* RMScreenshotsGroupView.m */ = {isa = PBXFileReference; fileEncoding = 4; lastKnownFileType = sourcecode.c.objc; path = RMScreenshotsGroupView.m; sourceTree = "<group>"; };
		D26E390618B4F95E0061527C /* RMScreenshotViewController.h */ = {isa = PBXFileReference; fileEncoding = 4; lastKnownFileType = sourcecode.c.h; path = RMScreenshotViewController.h; sourceTree = "<group>"; };
		D26E390718B4F95E0061527C /* RMScreenshotViewController.m */ = {isa = PBXFileReference; fileEncoding = 4; lastKnownFileType = sourcecode.c.objc; path = RMScreenshotViewController.m; sourceTree = "<group>"; };
		D26E390A18B4F9970061527C /* RMScreenshotViewController.xib */ = {isa = PBXFileReference; fileEncoding = 4; lastKnownFileType = file.xib; path = RMScreenshotViewController.xib; sourceTree = "<group>"; };
		D26E390F18B770460061527C /* RMAppScreenshotTypeValueTransformer.h */ = {isa = PBXFileReference; fileEncoding = 4; lastKnownFileType = sourcecode.c.h; path = RMAppScreenshotTypeValueTransformer.h; sourceTree = "<group>"; };
		D26E391018B770460061527C /* RMAppScreenshotTypeValueTransformer.m */ = {isa = PBXFileReference; fileEncoding = 4; lastKnownFileType = sourcecode.c.objc; path = RMAppScreenshotTypeValueTransformer.m; sourceTree = "<group>"; };
		D26E391318B774FF0061527C /* RMByteValueTransformer.h */ = {isa = PBXFileReference; fileEncoding = 4; lastKnownFileType = sourcecode.c.h; path = RMByteValueTransformer.h; sourceTree = "<group>"; };
		D26E391418B774FF0061527C /* RMByteValueTransformer.m */ = {isa = PBXFileReference; fileEncoding = 4; lastKnownFileType = sourcecode.c.objc; path = RMByteValueTransformer.m; sourceTree = "<group>"; };
		D283F4C818BD036F00CE4E8D /* RMOutlineViewController.h */ = {isa = PBXFileReference; fileEncoding = 4; lastKnownFileType = sourcecode.c.h; path = RMOutlineViewController.h; sourceTree = "<group>"; };
		D283F4C918BD036F00CE4E8D /* RMOutlineViewController.m */ = {isa = PBXFileReference; fileEncoding = 4; lastKnownFileType = sourcecode.c.objc; path = RMOutlineViewController.m; sourceTree = "<group>"; };
		D29CFD4318BB6BE300627DA3 /* ConnectorFileIcon.icns */ = {isa = PBXFileReference; lastKnownFileType = image.icns; path = ConnectorFileIcon.icns; sourceTree = "<group>"; };
		D2DFEC5118B3695600FF33AD /* RMAppMetaData.h */ = {isa = PBXFileReference; fileEncoding = 4; lastKnownFileType = sourcecode.c.h; path = RMAppMetaData.h; sourceTree = "<group>"; };
		D2DFEC5218B3695600FF33AD /* RMAppMetaData.m */ = {isa = PBXFileReference; fileEncoding = 4; lastKnownFileType = sourcecode.c.objc; path = RMAppMetaData.m; sourceTree = "<group>"; };
		D2DFEC5518B36A2600FF33AD /* RMXMLObject.h */ = {isa = PBXFileReference; fileEncoding = 4; lastKnownFileType = sourcecode.c.h; path = RMXMLObject.h; sourceTree = "<group>"; };
		D2DFEC5818B3754200FF33AD /* RMAppVersion.h */ = {isa = PBXFileReference; fileEncoding = 4; lastKnownFileType = sourcecode.c.h; path = RMAppVersion.h; sourceTree = "<group>"; };
		D2DFEC5918B3754200FF33AD /* RMAppVersion.m */ = {isa = PBXFileReference; fileEncoding = 4; lastKnownFileType = sourcecode.c.objc; path = RMAppVersion.m; sourceTree = "<group>"; };
		D2DFEC5B18B377A100FF33AD /* RMAppLocale.h */ = {isa = PBXFileReference; fileEncoding = 4; lastKnownFileType = sourcecode.c.h; path = RMAppLocale.h; sourceTree = "<group>"; };
		D2DFEC5C18B377A100FF33AD /* RMAppLocale.m */ = {isa = PBXFileReference; fileEncoding = 4; lastKnownFileType = sourcecode.c.objc; path = RMAppLocale.m; sourceTree = "<group>"; };
		D2ED44A118AE654100976E49 /* NSData+MD5.h */ = {isa = PBXFileReference; fileEncoding = 4; lastKnownFileType = sourcecode.c.h; path = "NSData+MD5.h"; sourceTree = "<group>"; };
		D2ED44A218AE654100976E49 /* NSData+MD5.m */ = {isa = PBXFileReference; fileEncoding = 4; lastKnownFileType = sourcecode.c.objc; path = "NSData+MD5.m"; sourceTree = "<group>"; };
		D2ED44A518AE6D2900976E49 /* RMAppDataWindowController.xib */ = {isa = PBXFileReference; fileEncoding = 4; lastKnownFileType = file.xib; path = RMAppDataWindowController.xib; sourceTree = "<group>"; };
/* End PBXFileReference section */

/* Begin PBXFrameworksBuildPhase section */
		247F2804189127D8000F8041 /* Frameworks */ = {
			isa = PBXFrameworksBuildPhase;
			buildActionMask = 2147483647;
			files = (
				247F280B189127D8000F8041 /* Cocoa.framework in Frameworks */,
			);
			runOnlyForDeploymentPostprocessing = 0;
		};
		247F2825189127D8000F8041 /* Frameworks */ = {
			isa = PBXFrameworksBuildPhase;
			buildActionMask = 2147483647;
			files = (
				247F282B189127D8000F8041 /* Cocoa.framework in Frameworks */,
				247F282A189127D8000F8041 /* XCTest.framework in Frameworks */,
			);
			runOnlyForDeploymentPostprocessing = 0;
		};
/* End PBXFrameworksBuildPhase section */

/* Begin PBXGroup section */
		247F27FE189127D7000F8041 = {
			isa = PBXGroup;
			children = (
				247F2810189127D8000F8041 /* Connecter */,
				247F282E189127D8000F8041 /* ConnecterTests */,
				247F2809189127D8000F8041 /* Frameworks */,
				247F2808189127D8000F8041 /* Products */,
			);
			sourceTree = "<group>";
		};
		247F2808189127D8000F8041 /* Products */ = {
			isa = PBXGroup;
			children = (
				247F2807189127D8000F8041 /* Connecter.app */,
				247F2828189127D8000F8041 /* ConnecterTests.xctest */,
			);
			name = Products;
			sourceTree = "<group>";
		};
		247F2809189127D8000F8041 /* Frameworks */ = {
			isa = PBXGroup;
			children = (
				247F280A189127D8000F8041 /* Cocoa.framework */,
				247F2829189127D8000F8041 /* XCTest.framework */,
				247F280C189127D8000F8041 /* Other Frameworks */,
				59A0CF47412B459084E2ABDA /* libPods.a */,
			);
			name = Frameworks;
			sourceTree = "<group>";
		};
		247F280C189127D8000F8041 /* Other Frameworks */ = {
			isa = PBXGroup;
			children = (
				247F280D189127D8000F8041 /* AppKit.framework */,
				247F280E189127D8000F8041 /* CoreData.framework */,
				247F280F189127D8000F8041 /* Foundation.framework */,
			);
			name = "Other Frameworks";
			sourceTree = "<group>";
		};
		247F2810189127D8000F8041 /* Connecter */ = {
			isa = PBXGroup;
			children = (
				247F281C189127D8000F8041 /* RMConnecterAppDelegate.h */,
				247F281D189127D8000F8041 /* RMConnecterAppDelegate.m */,
				247F281F189127D8000F8041 /* MainMenu.xib */,
				6D739029189E9A65000764E4 /* UI */,
				D2DFEC5418B3695D00FF33AD /* Model */,
				6D73902E189EA5BB000764E4 /* Operations */,
				6D73902A189E9A69000764E4 /* Credentials */,
				D2ED44A418AE65E900976E49 /* Categories */,
				247F2811189127D8000F8041 /* Supporting Files */,
				247F2822189127D8000F8041 /* Images.xcassets */,
				D29CFD4318BB6BE300627DA3 /* ConnectorFileIcon.icns */,
			);
			path = Connecter;
			sourceTree = "<group>";
		};
		247F2811189127D8000F8041 /* Supporting Files */ = {
			isa = PBXGroup;
			children = (
				247F283E1891282D000F8041 /* Connecter.entitlements */,
				247F2812189127D8000F8041 /* Info.plist */,
				247F2813189127D8000F8041 /* InfoPlist.strings */,
				247F2816189127D8000F8041 /* main.m */,
				247F2819189127D8000F8041 /* Credits.rtf */,
			);
			name = "Supporting Files";
			sourceTree = "<group>";
		};
		247F282E189127D8000F8041 /* ConnecterTests */ = {
			isa = PBXGroup;
			children = (
				D24B03DB18B8FD8F003FD954 /* TestData */,
				247F2834189127D8000F8041 /* RMMetaDataModelTests.m */,
				D24B03E218B9382F003FD954 /* RMValueTransformerTests.m */,
				247F282F189127D8000F8041 /* Supporting Files */,
			);
			path = ConnecterTests;
			sourceTree = "<group>";
		};
		247F282F189127D8000F8041 /* Supporting Files */ = {
			isa = PBXGroup;
			children = (
				247F2830189127D8000F8041 /* ConnecterTests-Info.plist */,
				247F2831189127D8000F8041 /* InfoPlist.strings */,
			);
			name = "Supporting Files";
			sourceTree = "<group>";
		};
		6D739029189E9A65000764E4 /* UI */ = {
			isa = PBXGroup;
			children = (
				D2014D8018BFA16E00565A27 /* Download / Upload Window */,
				D2014D7F18BFA0D100565A27 /* App Data Document Window */,
			);
			name = UI;
			sourceTree = "<group>";
		};
		6D73902A189E9A69000764E4 /* Credentials */ = {
			isa = PBXGroup;
			children = (
				6D739026189E91BE000764E4 /* RMConnecterCredentials.h */,
				6D739027189E91BE000764E4 /* RMConnecterCredentials.m */,
				6D73902F189EA5D6000764E4 /* RMConnecterCredentials+Keychain.h */,
				6D739030189EA5D6000764E4 /* RMConnecterCredentials+Keychain.m */,
			);
			name = Credentials;
			sourceTree = "<group>";
		};
		6D73902E189EA5BB000764E4 /* Operations */ = {
			isa = PBXGroup;
			children = (
				6D73902B189E9AE2000764E4 /* RMConnecterOperation.h */,
				6D73902C189E9AE2000764E4 /* RMConnecterOperation.m */,
			);
			name = Operations;
			sourceTree = "<group>";
		};
		D2014D7E18BFA0C800565A27 /* Add Locale Window */ = {
			isa = PBXGroup;
			children = (
				D2014D7918BE36F000565A27 /* RMAddLocaleWindowController.h */,
				D2014D7A18BE36F000565A27 /* RMAddLocaleWindowController.m */,
				D2014D7B18BE36F000565A27 /* RMAddLocaleWindowController.xib */,
			);
			name = "Add Locale Window";
			sourceTree = "<group>";
		};
		D2014D7F18BFA0D100565A27 /* App Data Document Window */ = {
			isa = PBXGroup;
			children = (
				D225B07018AE7A290061CA42 /* RMAppDataDocument.h */,
				D225B07118AE7A290061CA42 /* RMAppDataDocument.m */,
				D2014D8418C0BCD600565A27 /* RMAppDataWindowController.h */,
				D2014D8518C0BCD600565A27 /* RMAppDataWindowController.m */,
				D2ED44A518AE6D2900976E49 /* RMAppDataWindowController.xib */,
				D283F4C818BD036F00CE4E8D /* RMOutlineViewController.h */,
				D283F4C918BD036F00CE4E8D /* RMOutlineViewController.m */,
				D2014D7E18BFA0C800565A27 /* Add Locale Window */,
				D26E390918B4F9610061527C /* Views */,
			);
			name = "App Data Document Window";
			sourceTree = "<group>";
		};
		D2014D8018BFA16E00565A27 /* Download / Upload Window */ = {
			isa = PBXGroup;
			children = (
				6D739021189E79E9000764E4 /* RMConnecterWindowController.h */,
				6D739022189E79E9000764E4 /* RMConnecterWindowController.m */,
				6D0C75C0189EB632008ADECB /* RMConnecterWindow.xib */,
			);
			name = "Download / Upload Window";
			sourceTree = "<group>";
		};
		D24B03DB18B8FD8F003FD954 /* TestData */ = {
			isa = PBXGroup;
			children = (
				D24B03DC18B8FD8F003FD954 /* testmetadata.xml */,
			);
			path = TestData;
			sourceTree = "<group>";
		};
		D26E390918B4F9610061527C /* Views */ = {
			isa = PBXGroup;
			children = (
				D2014D8118BFAA5700565A27 /* RMOutlineView.h */,
				D2014D8218BFAA5700565A27 /* RMOutlineView.m */,
				D26E390318B4F9280061527C /* RMScreenshotsGroupView.h */,
				D26E390418B4F9280061527C /* RMScreenshotsGroupView.m */,
				D26E390618B4F95E0061527C /* RMScreenshotViewController.h */,
				D26E390718B4F95E0061527C /* RMScreenshotViewController.m */,
				D26E390A18B4F9970061527C /* RMScreenshotViewController.xib */,
			);
			name = Views;
			sourceTree = "<group>";
		};
		D26E391218B774ED0061527C /* Value Transformer */ = {
			isa = PBXGroup;
			children = (
				D26E390F18B770460061527C /* RMAppScreenshotTypeValueTransformer.h */,
				D26E391018B770460061527C /* RMAppScreenshotTypeValueTransformer.m */,
				D26E391318B774FF0061527C /* RMByteValueTransformer.h */,
				D26E391418B774FF0061527C /* RMByteValueTransformer.m */,
			);
			name = "Value Transformer";
			sourceTree = "<group>";
		};
		D2DFEC5418B3695D00FF33AD /* Model */ = {
			isa = PBXGroup;
			children = (
				D2DFEC5518B36A2600FF33AD /* RMXMLObject.h */,
				D2DFEC5118B3695600FF33AD /* RMAppMetaData.h */,
				D2DFEC5218B3695600FF33AD /* RMAppMetaData.m */,
				D2DFEC5818B3754200FF33AD /* RMAppVersion.h */,
				D2DFEC5918B3754200FF33AD /* RMAppVersion.m */,
				D2DFEC5B18B377A100FF33AD /* RMAppLocale.h */,
				D2DFEC5C18B377A100FF33AD /* RMAppLocale.m */,
				D26E38FD18B4CB260061527C /* RMAppScreenshot.h */,
				D26E38FE18B4CB260061527C /* RMAppScreenshot.m */,
				D26E391218B774ED0061527C /* Value Transformer */,
			);
			name = Model;
			sourceTree = "<group>";
		};
		D2ED44A418AE65E900976E49 /* Categories */ = {
			isa = PBXGroup;
			children = (
				D2ED44A118AE654100976E49 /* NSData+MD5.h */,
				D2ED44A218AE654100976E49 /* NSData+MD5.m */,
			);
			name = Categories;
			sourceTree = "<group>";
		};
/* End PBXGroup section */

/* Begin PBXNativeTarget section */
		247F2806189127D8000F8041 /* Connecter */ = {
			isa = PBXNativeTarget;
			buildConfigurationList = 247F2838189127D8000F8041 /* Build configuration list for PBXNativeTarget "Connecter" */;
			buildPhases = (
				247F2803189127D8000F8041 /* Sources */,
				247F2804189127D8000F8041 /* Frameworks */,
				247F2805189127D8000F8041 /* Resources */,
			);
			buildRules = (
			);
			dependencies = (
			);
			name = Connecter;
			productName = Connecter;
			productReference = 247F2807189127D8000F8041 /* Connecter.app */;
			productType = "com.apple.product-type.application";
		};
		247F2827189127D8000F8041 /* ConnecterTests */ = {
			isa = PBXNativeTarget;
			buildConfigurationList = 247F283B189127D8000F8041 /* Build configuration list for PBXNativeTarget "ConnecterTests" */;
			buildPhases = (
				247F2824189127D8000F8041 /* Sources */,
				247F2825189127D8000F8041 /* Frameworks */,
				247F2826189127D8000F8041 /* Resources */,
			);
			buildRules = (
			);
			dependencies = (
				247F282D189127D8000F8041 /* PBXTargetDependency */,
			);
			name = ConnecterTests;
			productName = ConnecterTests;
			productReference = 247F2828189127D8000F8041 /* ConnecterTests.xctest */;
			productType = "com.apple.product-type.bundle.unit-test";
		};
/* End PBXNativeTarget section */

/* Begin PBXProject section */
		247F27FF189127D7000F8041 /* Project object */ = {
			isa = PBXProject;
			attributes = {
				CLASSPREFIX = RMConnecter;
				LastUpgradeCheck = 0510;
				ORGANIZATIONNAME = "Realmac Software";
				TargetAttributes = {
					247F2806189127D8000F8041 = {
						SystemCapabilities = {
							com.apple.Sandbox = {
								enabled = 1;
							};
						};
					};
					247F2827189127D8000F8041 = {
						TestTargetID = 247F2806189127D8000F8041;
					};
				};
			};
			buildConfigurationList = 247F2802189127D7000F8041 /* Build configuration list for PBXProject "Connecter" */;
			compatibilityVersion = "Xcode 3.2";
			developmentRegion = English;
			hasScannedForEncodings = 0;
			knownRegions = (
				en,
				Base,
			);
			mainGroup = 247F27FE189127D7000F8041;
			productRefGroup = 247F2808189127D8000F8041 /* Products */;
			projectDirPath = "";
			projectRoot = "";
			targets = (
				247F2806189127D8000F8041 /* Connecter */,
				247F2827189127D8000F8041 /* ConnecterTests */,
			);
		};
/* End PBXProject section */

/* Begin PBXResourcesBuildPhase section */
		247F2805189127D8000F8041 /* Resources */ = {
			isa = PBXResourcesBuildPhase;
			buildActionMask = 2147483647;
			files = (
				D29CFD4418BB6BE300627DA3 /* ConnectorFileIcon.icns in Resources */,
				247F2815189127D8000F8041 /* InfoPlist.strings in Resources */,
				D26E390B18B4F9970061527C /* RMScreenshotViewController.xib in Resources */,
				247F2823189127D8000F8041 /* Images.xcassets in Resources */,
				D2ED44A618AE6D2900976E49 /* RMAppDataWindowController.xib in Resources */,
				247F281B189127D8000F8041 /* Credits.rtf in Resources */,
				D2014D7D18BE36F000565A27 /* RMAddLocaleWindowController.xib in Resources */,
				247F2821189127D8000F8041 /* MainMenu.xib in Resources */,
				6D0C75BE189EB632008ADECB /* RMConnecterWindow.xib in Resources */,
			);
			runOnlyForDeploymentPostprocessing = 0;
		};
		247F2826189127D8000F8041 /* Resources */ = {
			isa = PBXResourcesBuildPhase;
			buildActionMask = 2147483647;
			files = (
				D24B03DD18B8FD8F003FD954 /* testmetadata.xml in Resources */,
				247F2833189127D8000F8041 /* InfoPlist.strings in Resources */,
			);
			runOnlyForDeploymentPostprocessing = 0;
		};
/* End PBXResourcesBuildPhase section */

/* Begin PBXSourcesBuildPhase section */
		247F2803189127D8000F8041 /* Sources */ = {
			isa = PBXSourcesBuildPhase;
			buildActionMask = 2147483647;
			files = (
				D2014D8318BFAA5700565A27 /* RMOutlineView.m in Sources */,
				D2DFEC5318B3695600FF33AD /* RMAppMetaData.m in Sources */,
				247F2817189127D8000F8041 /* main.m in Sources */,
				D225B07218AE7A290061CA42 /* RMAppDataDocument.m in Sources */,
				D283F4CA18BD036F00CE4E8D /* RMOutlineViewController.m in Sources */,
				D2ED44A318AE654100976E49 /* NSData+MD5.m in Sources */,
				D2DFEC5D18B377A100FF33AD /* RMAppLocale.m in Sources */,
				D26E391118B770460061527C /* RMAppScreenshotTypeValueTransformer.m in Sources */,
				D26E391518B774FF0061527C /* RMByteValueTransformer.m in Sources */,
				6D73902D189E9AE2000764E4 /* RMConnecterOperation.m in Sources */,
				6D739028189E91BE000764E4 /* RMConnecterCredentials.m in Sources */,
				247F281E189127D8000F8041 /* RMConnecterAppDelegate.m in Sources */,
				D2014D8618C0BCD600565A27 /* RMAppDataWindowController.m in Sources */,
				D2DFEC5A18B3754200FF33AD /* RMAppVersion.m in Sources */,
				6D739024189E79E9000764E4 /* RMConnecterWindowController.m in Sources */,
				D26E38FF18B4CB260061527C /* RMAppScreenshot.m in Sources */,
				D26E390818B4F95E0061527C /* RMScreenshotViewController.m in Sources */,
				D26E390518B4F9280061527C /* RMScreenshotsGroupView.m in Sources */,
				D2014D7C18BE36F000565A27 /* RMAddLocaleWindowController.m in Sources */,
				6D739031189EA5D6000764E4 /* RMConnecterCredentials+Keychain.m in Sources */,
			);
			runOnlyForDeploymentPostprocessing = 0;
		};
		247F2824189127D8000F8041 /* Sources */ = {
			isa = PBXSourcesBuildPhase;
			buildActionMask = 2147483647;
			files = (
				D24B03DE18B903CD003FD954 /* RMAppScreenshotTypeValueTransformer.m in Sources */,
				D2DFEC6018B3799200FF33AD /* RMAppLocale.m in Sources */,
				247F2835189127D8000F8041 /* RMMetaDataModelTests.m in Sources */,
				D24B03E318B9382F003FD954 /* RMValueTransformerTests.m in Sources */,
				D2DFEC5F18B3799200FF33AD /* RMAppVersion.m in Sources */,
				D24B03DF18B903CD003FD954 /* RMByteValueTransformer.m in Sources */,
				D2DFEC5E18B3799200FF33AD /* RMAppMetaData.m in Sources */,
			);
			runOnlyForDeploymentPostprocessing = 0;
		};
/* End PBXSourcesBuildPhase section */

/* Begin PBXTargetDependency section */
		247F282D189127D8000F8041 /* PBXTargetDependency */ = {
			isa = PBXTargetDependency;
			target = 247F2806189127D8000F8041 /* Connecter */;
			targetProxy = 247F282C189127D8000F8041 /* PBXContainerItemProxy */;
		};
/* End PBXTargetDependency section */

/* Begin PBXVariantGroup section */
		247F2813189127D8000F8041 /* InfoPlist.strings */ = {
			isa = PBXVariantGroup;
			children = (
				247F2814189127D8000F8041 /* en */,
			);
			name = InfoPlist.strings;
			sourceTree = "<group>";
		};
		247F2819189127D8000F8041 /* Credits.rtf */ = {
			isa = PBXVariantGroup;
			children = (
				247F281A189127D8000F8041 /* en */,
			);
			name = Credits.rtf;
			sourceTree = "<group>";
		};
		247F281F189127D8000F8041 /* MainMenu.xib */ = {
			isa = PBXVariantGroup;
			children = (
				247F2820189127D8000F8041 /* Base */,
				6D0C75C4189EB63D008ADECB /* en */,
			);
			name = MainMenu.xib;
			sourceTree = "<group>";
		};
		247F2831189127D8000F8041 /* InfoPlist.strings */ = {
			isa = PBXVariantGroup;
			children = (
				247F2832189127D8000F8041 /* en */,
			);
			name = InfoPlist.strings;
			sourceTree = "<group>";
		};
		6D0C75C0189EB632008ADECB /* RMConnecterWindow.xib */ = {
			isa = PBXVariantGroup;
			children = (
				6D0C75BF189EB632008ADECB /* Base */,
				6D0C75C2189EB637008ADECB /* en */,
			);
			name = RMConnecterWindow.xib;
			sourceTree = "<group>";
		};
/* End PBXVariantGroup section */

/* Begin XCBuildConfiguration section */
		247F2836189127D8000F8041 /* Debug */ = {
			isa = XCBuildConfiguration;
			buildSettings = {
				ALWAYS_SEARCH_USER_PATHS = NO;
				CLANG_CXX_LANGUAGE_STANDARD = "gnu++0x";
				CLANG_CXX_LIBRARY = "libc++";
				CLANG_ENABLE_MODULES = YES;
				CLANG_ENABLE_OBJC_ARC = YES;
				CLANG_WARN_BOOL_CONVERSION = YES;
				CLANG_WARN_CONSTANT_CONVERSION = YES;
				CLANG_WARN_DIRECT_OBJC_ISA_USAGE = YES_ERROR;
				CLANG_WARN_EMPTY_BODY = YES;
				CLANG_WARN_ENUM_CONVERSION = YES;
				CLANG_WARN_INT_CONVERSION = YES;
				CLANG_WARN_OBJC_ROOT_CLASS = YES_ERROR;
				CLANG_WARN__DUPLICATE_METHOD_MATCH = YES;
				COPY_PHASE_STRIP = NO;
				GCC_C_LANGUAGE_STANDARD = gnu99;
				GCC_DYNAMIC_NO_PIC = NO;
				GCC_ENABLE_OBJC_EXCEPTIONS = YES;
				GCC_OPTIMIZATION_LEVEL = 0;
				GCC_PREPROCESSOR_DEFINITIONS = (
					"DEBUG=1",
					"$(inherited)",
				);
				GCC_SYMBOLS_PRIVATE_EXTERN = NO;
				GCC_WARN_64_TO_32_BIT_CONVERSION = YES;
				GCC_WARN_ABOUT_RETURN_TYPE = YES_ERROR;
				GCC_WARN_UNDECLARED_SELECTOR = YES;
				GCC_WARN_UNINITIALIZED_AUTOS = YES_AGGRESSIVE;
				GCC_WARN_UNUSED_FUNCTION = YES;
				GCC_WARN_UNUSED_VARIABLE = YES;
				MACOSX_DEPLOYMENT_TARGET = 10.9;
				ONLY_ACTIVE_ARCH = YES;
				SDKROOT = macosx;
			};
			name = Debug;
		};
		247F2837189127D8000F8041 /* Release */ = {
			isa = XCBuildConfiguration;
			buildSettings = {
				ALWAYS_SEARCH_USER_PATHS = NO;
				CLANG_CXX_LANGUAGE_STANDARD = "gnu++0x";
				CLANG_CXX_LIBRARY = "libc++";
				CLANG_ENABLE_MODULES = YES;
				CLANG_ENABLE_OBJC_ARC = YES;
				CLANG_WARN_BOOL_CONVERSION = YES;
				CLANG_WARN_CONSTANT_CONVERSION = YES;
				CLANG_WARN_DIRECT_OBJC_ISA_USAGE = YES_ERROR;
				CLANG_WARN_EMPTY_BODY = YES;
				CLANG_WARN_ENUM_CONVERSION = YES;
				CLANG_WARN_INT_CONVERSION = YES;
				CLANG_WARN_OBJC_ROOT_CLASS = YES_ERROR;
				CLANG_WARN__DUPLICATE_METHOD_MATCH = YES;
				COPY_PHASE_STRIP = YES;
				DEBUG_INFORMATION_FORMAT = "dwarf-with-dsym";
				ENABLE_NS_ASSERTIONS = NO;
				GCC_C_LANGUAGE_STANDARD = gnu99;
				GCC_ENABLE_OBJC_EXCEPTIONS = YES;
				GCC_WARN_64_TO_32_BIT_CONVERSION = YES;
				GCC_WARN_ABOUT_RETURN_TYPE = YES_ERROR;
				GCC_WARN_UNDECLARED_SELECTOR = YES;
				GCC_WARN_UNINITIALIZED_AUTOS = YES_AGGRESSIVE;
				GCC_WARN_UNUSED_FUNCTION = YES;
				GCC_WARN_UNUSED_VARIABLE = YES;
				MACOSX_DEPLOYMENT_TARGET = 10.9;
				SDKROOT = macosx;
			};
			name = Release;
		};
		247F2839189127D8000F8041 /* Debug */ = {
			isa = XCBuildConfiguration;
			buildSettings = {
				ASSETCATALOG_COMPILER_APPICON_NAME = AppIcon;
				CODE_SIGN_ENTITLEMENTS = Connecter/Connecter.entitlements;
				CODE_SIGN_IDENTITY = "Mac Developer";
				COMBINE_HIDPI_IMAGES = YES;
				INFOPLIST_FILE = Connecter/Info.plist;
				MACOSX_DEPLOYMENT_TARGET = 10.8;
				PRODUCT_NAME = "$(TARGET_NAME)";
				WRAPPER_EXTENSION = app;
			};
			name = Debug;
		};
		247F283A189127D8000F8041 /* Release */ = {
			isa = XCBuildConfiguration;
			buildSettings = {
				ASSETCATALOG_COMPILER_APPICON_NAME = AppIcon;
				CODE_SIGN_ENTITLEMENTS = Connecter/Connecter.entitlements;
				CODE_SIGN_IDENTITY = "Developer ID Application";
				COMBINE_HIDPI_IMAGES = YES;
				INFOPLIST_FILE = Connecter/Info.plist;
				MACOSX_DEPLOYMENT_TARGET = 10.8;
				PRODUCT_NAME = "$(TARGET_NAME)";
				WRAPPER_EXTENSION = app;
			};
			name = Release;
		};
		247F283C189127D8000F8041 /* Debug */ = {
			isa = XCBuildConfiguration;
			buildSettings = {
				BUNDLE_LOADER = "$(BUILT_PRODUCTS_DIR)/Connecter.app/Contents/MacOS/Connecter";
				COMBINE_HIDPI_IMAGES = YES;
				FRAMEWORK_SEARCH_PATHS = (
					"$(DEVELOPER_FRAMEWORKS_DIR)",
					"$(inherited)",
				);
				GCC_PREPROCESSOR_DEFINITIONS = (
					"DEBUG=1",
					"$(inherited)",
				);
				INFOPLIST_FILE = "ConnecterTests/ConnecterTests-Info.plist";
				PRODUCT_NAME = "$(TARGET_NAME)";
				TEST_HOST = "$(BUNDLE_LOADER)";
				WRAPPER_EXTENSION = xctest;
			};
			name = Debug;
		};
		247F283D189127D8000F8041 /* Release */ = {
			isa = XCBuildConfiguration;
			buildSettings = {
				BUNDLE_LOADER = "$(BUILT_PRODUCTS_DIR)/Connecter.app/Contents/MacOS/Connecter";
				COMBINE_HIDPI_IMAGES = YES;
				FRAMEWORK_SEARCH_PATHS = (
					"$(DEVELOPER_FRAMEWORKS_DIR)",
					"$(inherited)",
				);
				INFOPLIST_FILE = "ConnecterTests/ConnecterTests-Info.plist";
				PRODUCT_NAME = "$(TARGET_NAME)";
				TEST_HOST = "$(BUNDLE_LOADER)";
				WRAPPER_EXTENSION = xctest;
			};
			name = Release;
		};
/* End XCBuildConfiguration section */

/* Begin XCConfigurationList section */
		247F2802189127D7000F8041 /* Build configuration list for PBXProject "Connecter" */ = {
			isa = XCConfigurationList;
			buildConfigurations = (
				247F2836189127D8000F8041 /* Debug */,
				247F2837189127D8000F8041 /* Release */,
			);
			defaultConfigurationIsVisible = 0;
			defaultConfigurationName = Release;
		};
		247F2838189127D8000F8041 /* Build configuration list for PBXNativeTarget "Connecter" */ = {
			isa = XCConfigurationList;
			buildConfigurations = (
				247F2839189127D8000F8041 /* Debug */,
				247F283A189127D8000F8041 /* Release */,
			);
			defaultConfigurationIsVisible = 0;
			defaultConfigurationName = Release;
		};
		247F283B189127D8000F8041 /* Build configuration list for PBXNativeTarget "ConnecterTests" */ = {
			isa = XCConfigurationList;
			buildConfigurations = (
				247F283C189127D8000F8041 /* Debug */,
				247F283D189127D8000F8041 /* Release */,
			);
			defaultConfigurationIsVisible = 0;
			defaultConfigurationName = Release;
		};
/* End XCConfigurationList section */
	};
	rootObject = 247F27FF189127D7000F8041 /* Project object */;
}
